// !$*UTF8*$!
{
	archiveVersion = 1;
	classes = {
	};
	objectVersion = 50;
	objects = {

/* Begin PBXBuildFile section */
		2203EBF822D8313F0008855E /* build_scene.cpp in Sources */ = {isa = PBXBuildFile; fileRef = 2203EBF622D8313F0008855E /* build_scene.cpp */; };
		2205192622C5E862000A44D3 /* main.cpp in Sources */ = {isa = PBXBuildFile; fileRef = 2205192522C5E862000A44D3 /* main.cpp */; };
		2205192E22C5E915000A44D3 /* OpenGL.framework in Frameworks */ = {isa = PBXBuildFile; fileRef = 2205192D22C5E915000A44D3 /* OpenGL.framework */; };
		2205194822C5FBFA000A44D3 /* libglfw.3.3.dylib in Frameworks */ = {isa = PBXBuildFile; fileRef = 2205194622C5FBFA000A44D3 /* libglfw.3.3.dylib */; };
		2205194922C5FBFA000A44D3 /* libGLEW.2.1.0.dylib in Frameworks */ = {isa = PBXBuildFile; fileRef = 2205194722C5FBFA000A44D3 /* libGLEW.2.1.0.dylib */; };
		2205195222C6029F000A44D3 /* resources in CopyFiles */ = {isa = PBXBuildFile; fileRef = 2205195022C6027D000A44D3 /* resources */; };
		2255344822D6DB9900A73CCF /* window.cpp in Sources */ = {isa = PBXBuildFile; fileRef = 2255344422D6DB9900A73CCF /* window.cpp */; };
		2255344C22D6DDC500A73CCF /* stb_image_wrap.cpp in Sources */ = {isa = PBXBuildFile; fileRef = 2255344B22D6DDC500A73CCF /* stb_image_wrap.cpp */; };
		22A7764D22D70B2500828762 /* camera.cpp in Sources */ = {isa = PBXBuildFile; fileRef = 22A7764B22D70B2500828762 /* camera.cpp */; };
		22DBE26122D7D999006C760E /* mouse.cpp in Sources */ = {isa = PBXBuildFile; fileRef = 22DBE25F22D7D999006C760E /* mouse.cpp */; };
/* End PBXBuildFile section */

/* Begin PBXCopyFilesBuildPhase section */
		2205192022C5E862000A44D3 /* CopyFiles */ = {
			isa = PBXCopyFilesBuildPhase;
			buildActionMask = 8;
			dstPath = usr/share/man/man1;
			dstSubfolderSpec = 7;
			files = (
			);
			runOnlyForDeploymentPostprocessing = 1;
		};
		2205195122C60293000A44D3 /* CopyFiles */ = {
			isa = PBXCopyFilesBuildPhase;
			buildActionMask = 2147483647;
			dstPath = "";
			dstSubfolderSpec = 7;
			files = (
				2205195222C6029F000A44D3 /* resources in CopyFiles */,
			);
			runOnlyForDeploymentPostprocessing = 0;
		};
/* End PBXCopyFilesBuildPhase section */

/* Begin PBXFileReference section */
		2203EBF622D8313F0008855E /* build_scene.cpp */ = {isa = PBXFileReference; lastKnownFileType = sourcecode.cpp.cpp; path = build_scene.cpp; sourceTree = "<group>"; };
		2203EBF722D8313F0008855E /* build_scene.hpp */ = {isa = PBXFileReference; lastKnownFileType = sourcecode.cpp.h; path = build_scene.hpp; sourceTree = "<group>"; };
		2205192222C5E862000A44D3 /* Water */ = {isa = PBXFileReference; explicitFileType = "compiled.mach-o.executable"; includeInIndex = 0; path = Water; sourceTree = BUILT_PRODUCTS_DIR; };
		2205192522C5E862000A44D3 /* main.cpp */ = {isa = PBXFileReference; lastKnownFileType = sourcecode.cpp.cpp; path = main.cpp; sourceTree = "<group>"; };
		2205192D22C5E915000A44D3 /* OpenGL.framework */ = {isa = PBXFileReference; lastKnownFileType = wrapper.framework; name = OpenGL.framework; path = System/Library/Frameworks/OpenGL.framework; sourceTree = SDKROOT; };
		2205193F22C5F579000A44D3 /* Shader.hpp */ = {isa = PBXFileReference; lastKnownFileType = sourcecode.cpp.h; path = Shader.hpp; sourceTree = "<group>"; };
		2205194622C5FBFA000A44D3 /* libglfw.3.3.dylib */ = {isa = PBXFileReference; lastKnownFileType = "compiled.mach-o.dylib"; name = libglfw.3.3.dylib; path = ../../../../usr/local/lib/libglfw.3.3.dylib; sourceTree = "<group>"; };
		2205194722C5FBFA000A44D3 /* libGLEW.2.1.0.dylib */ = {isa = PBXFileReference; lastKnownFileType = "compiled.mach-o.dylib"; name = libGLEW.2.1.0.dylib; path = ../../../../usr/local/lib/libGLEW.2.1.0.dylib; sourceTree = "<group>"; };
		2205195022C6027D000A44D3 /* resources */ = {isa = PBXFileReference; lastKnownFileType = folder; path = resources; sourceTree = "<group>"; };
		2255344322D6DB9900A73CCF /* window.hpp */ = {isa = PBXFileReference; lastKnownFileType = sourcecode.cpp.h; path = window.hpp; sourceTree = "<group>"; };
		2255344422D6DB9900A73CCF /* window.cpp */ = {isa = PBXFileReference; lastKnownFileType = sourcecode.cpp.cpp; path = window.cpp; sourceTree = "<group>"; };
		2255344A22D6DDBD00A73CCF /* stb_image.h */ = {isa = PBXFileReference; fileEncoding = 4; lastKnownFileType = sourcecode.c.h; path = stb_image.h; sourceTree = "<group>"; };
		2255344B22D6DDC500A73CCF /* stb_image_wrap.cpp */ = {isa = PBXFileReference; fileEncoding = 4; lastKnownFileType = sourcecode.cpp.cpp; path = stb_image_wrap.cpp; sourceTree = "<group>"; };
		2255344E22D6F71500A73CCF /* point_data.hpp */ = {isa = PBXFileReference; lastKnownFileType = sourcecode.cpp.h; path = point_data.hpp; sourceTree = "<group>"; };
		22A7764B22D70B2500828762 /* camera.cpp */ = {isa = PBXFileReference; lastKnownFileType = sourcecode.cpp.cpp; path = camera.cpp; sourceTree = "<group>"; };
		22A7764C22D70B2500828762 /* camera.hpp */ = {isa = PBXFileReference; lastKnownFileType = sourcecode.cpp.h; path = camera.hpp; sourceTree = "<group>"; };
		22DBE25F22D7D999006C760E /* mouse.cpp */ = {isa = PBXFileReference; lastKnownFileType = sourcecode.cpp.cpp; path = mouse.cpp; sourceTree = "<group>"; };
		22DBE26022D7D999006C760E /* mouse.hpp */ = {isa = PBXFileReference; lastKnownFileType = sourcecode.cpp.h; path = mouse.hpp; sourceTree = "<group>"; };
/* End PBXFileReference section */

/* Begin PBXFrameworksBuildPhase section */
		2205191F22C5E862000A44D3 /* Frameworks */ = {
			isa = PBXFrameworksBuildPhase;
			buildActionMask = 2147483647;
			files = (
				2205194822C5FBFA000A44D3 /* libglfw.3.3.dylib in Frameworks */,
				2205194922C5FBFA000A44D3 /* libGLEW.2.1.0.dylib in Frameworks */,
				2205192E22C5E915000A44D3 /* OpenGL.framework in Frameworks */,
			);
			runOnlyForDeploymentPostprocessing = 0;
		};
/* End PBXFrameworksBuildPhase section */

/* Begin PBXGroup section */
		2203EBF522D831140008855E /* Build */ = {
			isa = PBXGroup;
			children = (
				2203EBF622D8313F0008855E /* build_scene.cpp */,
				2203EBF722D8313F0008855E /* build_scene.hpp */,
			);
			path = Build;
			sourceTree = "<group>";
		};
		2205191922C5E862000A44D3 = {
			isa = PBXGroup;
			children = (
				2205192422C5E862000A44D3 /* Water */,
				2205192322C5E862000A44D3 /* Products */,
				2205192C22C5E915000A44D3 /* Frameworks */,
			);
			sourceTree = "<group>";
		};
		2205192322C5E862000A44D3 /* Products */ = {
			isa = PBXGroup;
			children = (
				2205192222C5E862000A44D3 /* Water */,
			);
			name = Products;
			sourceTree = "<group>";
		};
		2205192422C5E862000A44D3 /* Water */ = {
			isa = PBXGroup;
			children = (
				2205192522C5E862000A44D3 /* main.cpp */,
				2205193F22C5F579000A44D3 /* Shader.hpp */,
				2255344E22D6F71500A73CCF /* point_data.hpp */,
				2203EBF522D831140008855E /* Build */,
				22DBE25E22D7D984006C760E /* Mouse */,
				22A7764A22D70B1200828762 /* Camera */,
				2255344D22D6E0BC00A73CCF /* Window */,
				2255344922D6DD5E00A73CCF /* StbImage */,
				2205195022C6027D000A44D3 /* resources */,
			);
			path = Water;
			sourceTree = "<group>";
		};
		2205192C22C5E915000A44D3 /* Frameworks */ = {
			isa = PBXGroup;
			children = (
				2205194722C5FBFA000A44D3 /* libGLEW.2.1.0.dylib */,
				2205194622C5FBFA000A44D3 /* libglfw.3.3.dylib */,
				2205192D22C5E915000A44D3 /* OpenGL.framework */,
			);
			name = Frameworks;
			sourceTree = "<group>";
		};
		2255344922D6DD5E00A73CCF /* StbImage */ = {
			isa = PBXGroup;
			children = (
				2255344B22D6DDC500A73CCF /* stb_image_wrap.cpp */,
				2255344A22D6DDBD00A73CCF /* stb_image.h */,
			);
			path = StbImage;
			sourceTree = "<group>";
		};
		2255344D22D6E0BC00A73CCF /* Window */ = {
			isa = PBXGroup;
			children = (
				2255344422D6DB9900A73CCF /* window.cpp */,
				2255344322D6DB9900A73CCF /* window.hpp */,
			);
			path = Window;
			sourceTree = "<group>";
		};
		22A7764A22D70B1200828762 /* Camera */ = {
			isa = PBXGroup;
			children = (
				22A7764B22D70B2500828762 /* camera.cpp */,
				22A7764C22D70B2500828762 /* camera.hpp */,
			);
			path = Camera;
			sourceTree = "<group>";
		};
		22DBE25E22D7D984006C760E /* Mouse */ = {
			isa = PBXGroup;
			children = (
				22DBE25F22D7D999006C760E /* mouse.cpp */,
				22DBE26022D7D999006C760E /* mouse.hpp */,
			);
			path = Mouse;
			sourceTree = "<group>";
		};
/* End PBXGroup section */

/* Begin PBXNativeTarget section */
		2205192122C5E862000A44D3 /* Water */ = {
			isa = PBXNativeTarget;
			buildConfigurationList = 2205192922C5E862000A44D3 /* Build configuration list for PBXNativeTarget "Water" */;
			buildPhases = (
				2205191E22C5E862000A44D3 /* Sources */,
				2205191F22C5E862000A44D3 /* Frameworks */,
				2205192022C5E862000A44D3 /* CopyFiles */,
				2205195122C60293000A44D3 /* CopyFiles */,
			);
			buildRules = (
			);
			dependencies = (
			);
			name = Water;
			productName = Water;
			productReference = 2205192222C5E862000A44D3 /* Water */;
			productType = "com.apple.product-type.tool";
		};
/* End PBXNativeTarget section */

/* Begin PBXProject section */
		2205191A22C5E862000A44D3 /* Project object */ = {
			isa = PBXProject;
			attributes = {
				LastUpgradeCheck = 1020;
				ORGANIZATIONNAME = sam;
				TargetAttributes = {
					2205192122C5E862000A44D3 = {
						CreatedOnToolsVersion = 10.2.1;
					};
				};
			};
			buildConfigurationList = 2205191D22C5E862000A44D3 /* Build configuration list for PBXProject "Water" */;
			compatibilityVersion = "Xcode 9.3";
			developmentRegion = en;
			hasScannedForEncodings = 0;
			knownRegions = (
				en,
			);
			mainGroup = 2205191922C5E862000A44D3;
			productRefGroup = 2205192322C5E862000A44D3 /* Products */;
			projectDirPath = "";
			projectRoot = "";
			targets = (
				2205192122C5E862000A44D3 /* Water */,
			);
		};
/* End PBXProject section */

/* Begin PBXSourcesBuildPhase section */
		2205191E22C5E862000A44D3 /* Sources */ = {
			isa = PBXSourcesBuildPhase;
			buildActionMask = 2147483647;
			files = (
				22A7764D22D70B2500828762 /* camera.cpp in Sources */,
				2203EBF822D8313F0008855E /* build_scene.cpp in Sources */,
				2255344C22D6DDC500A73CCF /* stb_image_wrap.cpp in Sources */,
				2255344822D6DB9900A73CCF /* window.cpp in Sources */,
				2205192622C5E862000A44D3 /* main.cpp in Sources */,
				22DBE26122D7D999006C760E /* mouse.cpp in Sources */,
			);
			runOnlyForDeploymentPostprocessing = 0;
		};
/* End PBXSourcesBuildPhase section */

/* Begin XCBuildConfiguration section */
		2205192722C5E862000A44D3 /* Debug */ = {
			isa = XCBuildConfiguration;
			buildSettings = {
				ALWAYS_SEARCH_USER_PATHS = NO;
				CLANG_ANALYZER_NONNULL = YES;
				CLANG_ANALYZER_NUMBER_OBJECT_CONVERSION = YES_AGGRESSIVE;
				CLANG_CXX_LANGUAGE_STANDARD = "gnu++14";
				CLANG_CXX_LIBRARY = "libc++";
				CLANG_ENABLE_MODULES = YES;
				CLANG_ENABLE_OBJC_ARC = YES;
				CLANG_ENABLE_OBJC_WEAK = YES;
				CLANG_WARN_BLOCK_CAPTURE_AUTORELEASING = YES;
				CLANG_WARN_BOOL_CONVERSION = YES;
				CLANG_WARN_COMMA = YES;
				CLANG_WARN_CONSTANT_CONVERSION = YES;
				CLANG_WARN_DEPRECATED_OBJC_IMPLEMENTATIONS = YES;
				CLANG_WARN_DIRECT_OBJC_ISA_USAGE = YES_ERROR;
				CLANG_WARN_DOCUMENTATION_COMMENTS = YES;
				CLANG_WARN_EMPTY_BODY = YES;
				CLANG_WARN_ENUM_CONVERSION = YES;
				CLANG_WARN_INFINITE_RECURSION = YES;
				CLANG_WARN_INT_CONVERSION = YES;
				CLANG_WARN_NON_LITERAL_NULL_CONVERSION = YES;
				CLANG_WARN_OBJC_IMPLICIT_RETAIN_SELF = YES;
				CLANG_WARN_OBJC_LITERAL_CONVERSION = YES;
				CLANG_WARN_OBJC_ROOT_CLASS = YES_ERROR;
				CLANG_WARN_RANGE_LOOP_ANALYSIS = YES;
				CLANG_WARN_STRICT_PROTOTYPES = YES;
				CLANG_WARN_SUSPICIOUS_MOVE = YES;
				CLANG_WARN_UNGUARDED_AVAILABILITY = YES_AGGRESSIVE;
				CLANG_WARN_UNREACHABLE_CODE = YES;
				CLANG_WARN__DUPLICATE_METHOD_MATCH = YES;
				CODE_SIGN_IDENTITY = "-";
				COPY_PHASE_STRIP = NO;
				DEBUG_INFORMATION_FORMAT = dwarf;
				ENABLE_STRICT_OBJC_MSGSEND = YES;
				ENABLE_TESTABILITY = YES;
				GCC_C_LANGUAGE_STANDARD = gnu11;
				GCC_DYNAMIC_NO_PIC = NO;
				GCC_NO_COMMON_BLOCKS = YES;
				GCC_OPTIMIZATION_LEVEL = 0;
				GCC_PREPROCESSOR_DEFINITIONS = (
					"DEBUG=1",
					"$(inherited)",
				);
				GCC_WARN_64_TO_32_BIT_CONVERSION = YES;
				GCC_WARN_ABOUT_RETURN_TYPE = YES_ERROR;
				GCC_WARN_UNDECLARED_SELECTOR = YES;
				GCC_WARN_UNINITIALIZED_AUTOS = YES_AGGRESSIVE;
				GCC_WARN_UNUSED_FUNCTION = YES;
				GCC_WARN_UNUSED_VARIABLE = YES;
				HEADER_SEARCH_PATHS = (
					/usr/local/include,
					"$(inherited)",
				);
				LIBRARY_SEARCH_PATHS = (
					/usr/local/lib,
					"$(inherited)",
				);
				MACOSX_DEPLOYMENT_TARGET = 10.14;
				MTL_ENABLE_DEBUG_INFO = INCLUDE_SOURCE;
				MTL_FAST_MATH = YES;
				ONLY_ACTIVE_ARCH = YES;
				SDKROOT = macosx;
			};
			name = Debug;
		};
		2205192822C5E862000A44D3 /* Release */ = {
			isa = XCBuildConfiguration;
			buildSettings = {
				ALWAYS_SEARCH_USER_PATHS = NO;
				CLANG_ANALYZER_NONNULL = YES;
				CLANG_ANALYZER_NUMBER_OBJECT_CONVERSION = YES_AGGRESSIVE;
				CLANG_CXX_LANGUAGE_STANDARD = "gnu++14";
				CLANG_CXX_LIBRARY = "libc++";
				CLANG_ENABLE_MODULES = YES;
				CLANG_ENABLE_OBJC_ARC = YES;
				CLANG_ENABLE_OBJC_WEAK = YES;
				CLANG_WARN_BLOCK_CAPTURE_AUTORELEASING = YES;
				CLANG_WARN_BOOL_CONVERSION = YES;
				CLANG_WARN_COMMA = YES;
				CLANG_WARN_CONSTANT_CONVERSION = YES;
				CLANG_WARN_DEPRECATED_OBJC_IMPLEMENTATIONS = YES;
				CLANG_WARN_DIRECT_OBJC_ISA_USAGE = YES_ERROR;
				CLANG_WARN_DOCUMENTATION_COMMENTS = YES;
				CLANG_WARN_EMPTY_BODY = YES;
				CLANG_WARN_ENUM_CONVERSION = YES;
				CLANG_WARN_INFINITE_RECURSION = YES;
				CLANG_WARN_INT_CONVERSION = YES;
				CLANG_WARN_NON_LITERAL_NULL_CONVERSION = YES;
				CLANG_WARN_OBJC_IMPLICIT_RETAIN_SELF = YES;
				CLANG_WARN_OBJC_LITERAL_CONVERSION = YES;
				CLANG_WARN_OBJC_ROOT_CLASS = YES_ERROR;
				CLANG_WARN_RANGE_LOOP_ANALYSIS = YES;
				CLANG_WARN_STRICT_PROTOTYPES = YES;
				CLANG_WARN_SUSPICIOUS_MOVE = YES;
				CLANG_WARN_UNGUARDED_AVAILABILITY = YES_AGGRESSIVE;
				CLANG_WARN_UNREACHABLE_CODE = YES;
				CLANG_WARN__DUPLICATE_METHOD_MATCH = YES;
				CODE_SIGN_IDENTITY = "-";
				COPY_PHASE_STRIP = NO;
				DEBUG_INFORMATION_FORMAT = "dwarf-with-dsym";
				ENABLE_NS_ASSERTIONS = NO;
				ENABLE_STRICT_OBJC_MSGSEND = YES;
				GCC_C_LANGUAGE_STANDARD = gnu11;
				GCC_NO_COMMON_BLOCKS = YES;
				GCC_WARN_64_TO_32_BIT_CONVERSION = YES;
				GCC_WARN_ABOUT_RETURN_TYPE = YES_ERROR;
				GCC_WARN_UNDECLARED_SELECTOR = YES;
				GCC_WARN_UNINITIALIZED_AUTOS = YES_AGGRESSIVE;
				GCC_WARN_UNUSED_FUNCTION = YES;
				GCC_WARN_UNUSED_VARIABLE = YES;
				HEADER_SEARCH_PATHS = (
					/usr/local/include,
					"$(inherited)",
				);
				LIBRARY_SEARCH_PATHS = (
					/usr/local/lib,
					"$(inherited)",
				);
				MACOSX_DEPLOYMENT_TARGET = 10.14;
				MTL_ENABLE_DEBUG_INFO = NO;
				MTL_FAST_MATH = YES;
				SDKROOT = macosx;
			};
			name = Release;
		};
		2205192A22C5E862000A44D3 /* Debug */ = {
			isa = XCBuildConfiguration;
			buildSettings = {
				ALWAYS_SEARCH_USER_PATHS = NO;
				CODE_SIGN_STYLE = Automatic;
				LIBRARY_SEARCH_PATHS = (
					"$(inherited)",
					/usr/local/Cellar/glew/2.1.0/lib,
					/usr/local/Cellar/glfw/3.3/lib,
					/usr/local/lib,
				);
				PRODUCT_NAME = "$(TARGET_NAME)";
				USER_HEADER_SEARCH_PATHS = "";
			};
			name = Debug;
		};
		2205192B22C5E862000A44D3 /* Release */ = {
			isa = XCBuildConfiguration;
			buildSettings = {
				ALWAYS_SEARCH_USER_PATHS = NO;
				CODE_SIGN_STYLE = Automatic;
				LIBRARY_SEARCH_PATHS = (
					"$(inherited)",
					/usr/local/Cellar/glew/2.1.0/lib,
					/usr/local/Cellar/glfw/3.3/lib,
					/usr/local/lib,
				);
				PRODUCT_NAME = "$(TARGET_NAME)";
				USER_HEADER_SEARCH_PATHS = "";
			};
			name = Release;
		};
/* End XCBuildConfiguration section */

/* Begin XCConfigurationList section */
		2205191D22C5E862000A44D3 /* Build configuration list for PBXProject "Water" */ = {
			isa = XCConfigurationList;
			buildConfigurations = (
				2205192722C5E862000A44D3 /* Debug */,
				2205192822C5E862000A44D3 /* Release */,
			);
			defaultConfigurationIsVisible = 0;
			defaultConfigurationName = Release;
		};
		2205192922C5E862000A44D3 /* Build configuration list for PBXNativeTarget "Water" */ = {
			isa = XCConfigurationList;
			buildConfigurations = (
				2205192A22C5E862000A44D3 /* Debug */,
				2205192B22C5E862000A44D3 /* Release */,
			);
			defaultConfigurationIsVisible = 0;
			defaultConfigurationName = Release;
		};
/* End XCConfigurationList section */
	};
	rootObject = 2205191A22C5E862000A44D3 /* Project object */;
}
